
Microsoft Visual Studio Solution File, Format Version 12.00
# Visual Studio Version 17
VisualStudioVersion = 17.12.35527.113 d17.12
MinimumVisualStudioVersion = 10.0.40219.1
Project("{FAE04EC0-301F-11D3-BF4B-00C04F79EFBC}") = "DataLayer", "DataLayer\DataLayer.csproj", "{1200B958-57C7-405B-B1A1-A6FAF0724AA0}"
EndProject
Project("{FAE04EC0-301F-11D3-BF4B-00C04F79EFBC}") = "BusinessLayer", "BusinessLayer\BusinessLayer.csproj", "{09D7D721-88C1-4E85-828D-DB569A0C39A0}"
EndProject
Project("{FAE04EC0-301F-11D3-BF4B-00C04F79EFBC}") = "THUEPHONG", "THUEPHONG\THUEPHONG.csproj", "{66E95970-3EBA-49B3-9414-4C7C9ED5688B}"
EndProject
Global
	GlobalSection(SolutionConfigurationPlatforms) = preSolution
		Debug|Any CPU = Debug|Any CPU
		Release|Any CPU = Release|Any CPU
	EndGlobalSection
	GlobalSection(ProjectConfigurationPlatforms) = postSolution
		{1200B958-57C7-405B-B1A1-A6FAF0724AA0}.Debug|Any CPU.ActiveCfg = Debug|Any CPU
		{1200B958-57C7-405B-B1A1-A6FAF0724AA0}.Debug|Any CPU.Build.0 = Debug|Any CPU
		{1200B958-57C7-405B-B1A1-A6FAF0724AA0}.Release|Any CPU.ActiveCfg = Release|Any CPU
		{1200B958-57C7-405B-B1A1-A6FAF0724AA0}.Release|Any CPU.Build.0 = Release|Any CPU
		{09D7D721-88C1-4E85-828D-DB569A0C39A0}.Debug|Any CPU.ActiveCfg = Debug|Any CPU
		{09D7D721-88C1-4E85-828D-DB569A0C39A0}.Debug|Any CPU.Build.0 = Debug|Any CPU
		{09D7D721-88C1-4E85-828D-DB569A0C39A0}.Release|Any CPU.ActiveCfg = Release|Any CPU
		{09D7D721-88C1-4E85-828D-DB569A0C39A0}.Release|Any CPU.Build.0 = Release|Any CPU
		{66E95970-3EBA-49B3-9414-4C7C9ED5688B}.Debug|Any CPU.ActiveCfg = Debug|Any CPU
		{66E95970-3EBA-49B3-9414-4C7C9ED5688B}.Debug|Any CPU.Build.0 = Debug|Any CPU
		{66E95970-3EBA-49B3-9414-4C7C9ED5688B}.Release|Any CPU.ActiveCfg = Release|Any CPU
		{66E95970-3EBA-49B3-9414-4C7C9ED5688B}.Release|Any CPU.Build.0 = Release|Any CPU
	EndGlobalSection
	GlobalSection(SolutionProperties) = preSolution
		HideSolutionNode = FALSE
	EndGlobalSection
EndGlobal
